{
  "requires": true,
  "lockfileVersion": 1,
  "dependencies": {
    "cypress-localstorage-commands": {
      "version": "1.4.5",
      "resolved": "https://registry.npmjs.org/cypress-localstorage-commands/-/cypress-localstorage-commands-1.4.5.tgz",
      "integrity": "sha512-mr86nv74GvOE4zOFwoMrksFCykNSbRh57Pg7xUGpm2ax+wfHhqwBA56Sn5dhHV73gzz7C6B1kfNpMrjMH/hgyg=="
    }
  }
}
