{
  "requires": true,
  "lockfileVersion": 1,
  "dependencies": {
    "eslint-plugin-cypress": {
      "version": "2.11.3",
      "resolved": "https://registry.npmjs.org/eslint-plugin-cypress/-/eslint-plugin-cypress-2.11.3.tgz",
      "integrity": "sha512-hOoAid+XNFtpvOzZSNWP5LDrQBEJwbZwjib4XJ1KcRYKjeVj0mAmPmucG4Egli4j/aruv+Ow/acacoloWWCl9Q==",
      "dev": true,
      "requires": {
        "globals": "^11.12.0"
      }
    },
    "globals": {
      "version": "11.12.0",
      "resolved": "https://registry.npmjs.org/globals/-/globals-11.12.0.tgz",
      "integrity": "sha512-WOBp/EEGUiIsJSp7wcv/y6MO+lV9UoncWqxuFfm8eBwzWNgyfBd6Gz+IeKQ9jCmyhoH99g15M3T+QaVHFjizVA==",
      "dev": true
    }
  }
}
